#MicroXplorer Configuration settings - do not modify
ADC1.Channel-0\#ChannelRegularConversion=ADC_CHANNEL_3
ADC1.Channel-1\#ChannelRegularConversion=ADC_CHANNEL_4
ADC1.ClockPrescaler=ADC_CLOCK_SYNC_PCLK_DIV6
ADC1.ContinuousConvMode=ENABLE
ADC1.DMAContinuousRequests=ENABLE
ADC1.EOCSelection=ADC_EOC_SEQ_CONV
ADC1.EnableAnalogWatchDog=false
ADC1.ExternalTrigConv=ADC_SOFTWARE_START
ADC1.IPParameters=Rank-0\#ChannelRegularConversion,master,Channel-0\#ChannelRegularConversion,SamplingTime-0\#ChannelRegularConversion,NbrOfConversionFlag,Resolution,ScanConvMode,ContinuousConvMode,EnableAnalogWatchDog,DMAContinuousRequests,EOCSelection,Rank-1\#ChannelRegularConversion,Channel-1\#ChannelRegularConversion,SamplingTime-1\#ChannelRegularConversion,NbrOfConversion,ExternalTrigConv,ClockPrescaler
ADC1.NbrOfConversion=2
ADC1.NbrOfConversionFlag=1
ADC1.Rank-0\#ChannelRegularConversion=1
ADC1.Rank-1\#ChannelRegularConversion=2
ADC1.Resolution=ADC_RESOLUTION_12B
ADC1.SamplingTime-0\#ChannelRegularConversion=ADC_SAMPLETIME_480CYCLES
ADC1.SamplingTime-1\#ChannelRegularConversion=ADC_SAMPLETIME_480CYCLES
ADC1.ScanConvMode=ADC_SCAN_ENABLE
ADC1.master=1
ADC3.Channel-1\#ChannelRegularConversion=ADC_CHANNEL_0
ADC3.Channel-10\#ChannelRegularConversion=ADC_CHANNEL_6
ADC3.Channel-9\#ChannelRegularConversion=ADC_CHANNEL_5
ADC3.ClockPrescaler=ADC_CLOCK_SYNC_PCLK_DIV6
ADC3.ContinuousConvMode=ENABLE
ADC3.DMAContinuousRequests=ENABLE
ADC3.DiscontinuousConvMode=DISABLE
ADC3.EOCSelection=ADC_EOC_SINGLE_CONV
ADC3.EnableAnalogWatchDog=false
ADC3.ExternalTrigConv=ADC_SOFTWARE_START
ADC3.IPParameters=Rank-1\#ChannelRegularConversion,Channel-1\#ChannelRegularConversion,SamplingTime-1\#ChannelRegularConversion,NbrOfConversionFlag,Resolution,ContinuousConvMode,DMAContinuousRequests,EnableAnalogWatchDog,EOCSelection,ScanConvMode,NbrOfConversion,ExternalTrigConv,Rank-9\#ChannelRegularConversion,Channel-9\#ChannelRegularConversion,SamplingTime-9\#ChannelRegularConversion,DiscontinuousConvMode,Rank-10\#ChannelRegularConversion,Channel-10\#ChannelRegularConversion,SamplingTime-10\#ChannelRegularConversion,ClockPrescaler
ADC3.NbrOfConversion=3
ADC3.NbrOfConversionFlag=1
ADC3.Rank-1\#ChannelRegularConversion=1
ADC3.Rank-10\#ChannelRegularConversion=3
ADC3.Rank-9\#ChannelRegularConversion=2
ADC3.Resolution=ADC_RESOLUTION_12B
ADC3.SamplingTime-1\#ChannelRegularConversion=ADC_SAMPLETIME_144CYCLES
ADC3.SamplingTime-10\#ChannelRegularConversion=ADC_SAMPLETIME_144CYCLES
ADC3.SamplingTime-9\#ChannelRegularConversion=ADC_SAMPLETIME_144CYCLES
ADC3.ScanConvMode=ADC_SCAN_ENABLE
CAD.formats=[]
CAD.pinconfig=Pin name
CAD.provider=
CORTEX_M7.CPU_DCache=Enabled
CORTEX_M7.CPU_ICache=Enabled
CORTEX_M7.FlashInterface=AXI_Enabled
CORTEX_M7.IPParameters=FlashInterface,CPU_ICache,CPU_DCache
Dma.ADC1.1.Direction=DMA_PERIPH_TO_MEMORY
Dma.ADC1.1.FIFOMode=DMA_FIFOMODE_DISABLE
Dma.ADC1.1.Instance=DMA2_Stream0
Dma.ADC1.1.MemDataAlignment=DMA_MDATAALIGN_WORD
Dma.ADC1.1.MemInc=DMA_MINC_ENABLE
Dma.ADC1.1.Mode=DMA_CIRCULAR
Dma.ADC1.1.PeriphDataAlignment=DMA_PDATAALIGN_WORD
Dma.ADC1.1.PeriphInc=DMA_PINC_DISABLE
Dma.ADC1.1.Priority=DMA_PRIORITY_MEDIUM
Dma.ADC1.1.RequestParameters=Instance,Direction,PeriphInc,MemInc,PeriphDataAlignment,MemDataAlignment,Mode,Priority,FIFOMode
Dma.ADC3.0.Direction=DMA_PERIPH_TO_MEMORY
Dma.ADC3.0.FIFOMode=DMA_FIFOMODE_DISABLE
Dma.ADC3.0.Instance=DMA2_Stream1
Dma.ADC3.0.MemDataAlignment=DMA_MDATAALIGN_WORD
Dma.ADC3.0.MemInc=DMA_MINC_ENABLE
Dma.ADC3.0.Mode=DMA_CIRCULAR
Dma.ADC3.0.PeriphDataAlignment=DMA_PDATAALIGN_WORD
Dma.ADC3.0.PeriphInc=DMA_PINC_DISABLE
Dma.ADC3.0.Priority=DMA_PRIORITY_VERY_HIGH
Dma.ADC3.0.RequestParameters=Instance,Direction,PeriphInc,MemInc,PeriphDataAlignment,MemDataAlignment,Mode,Priority,FIFOMode
Dma.Request0=ADC3
Dma.Request1=ADC1
Dma.Request2=TIM8_CH1
Dma.Request3=TIM8_CH2
Dma.Request4=TIM8_CH3
Dma.Request5=TIM8_CH4/TRIG/COM
Dma.RequestsNb=6
Dma.TIM8_CH1.2.Direction=DMA_PERIPH_TO_MEMORY
Dma.TIM8_CH1.2.FIFOMode=DMA_FIFOMODE_DISABLE
Dma.TIM8_CH1.2.Instance=DMA2_Stream2
Dma.TIM8_CH1.2.MemDataAlignment=DMA_MDATAALIGN_HALFWORD
Dma.TIM8_CH1.2.MemInc=DMA_MINC_ENABLE
Dma.TIM8_CH1.2.Mode=DMA_CIRCULAR
Dma.TIM8_CH1.2.PeriphDataAlignment=DMA_PDATAALIGN_HALFWORD
Dma.TIM8_CH1.2.PeriphInc=DMA_PINC_DISABLE
Dma.TIM8_CH1.2.Priority=DMA_PRIORITY_HIGH
Dma.TIM8_CH1.2.RequestParameters=Instance,Direction,PeriphInc,MemInc,PeriphDataAlignment,MemDataAlignment,Mode,Priority,FIFOMode
Dma.TIM8_CH2.3.Direction=DMA_PERIPH_TO_MEMORY
Dma.TIM8_CH2.3.FIFOMode=DMA_FIFOMODE_DISABLE
Dma.TIM8_CH2.3.Instance=DMA2_Stream3
Dma.TIM8_CH2.3.MemDataAlignment=DMA_MDATAALIGN_HALFWORD
Dma.TIM8_CH2.3.MemInc=DMA_MINC_ENABLE
Dma.TIM8_CH2.3.Mode=DMA_CIRCULAR
Dma.TIM8_CH2.3.PeriphDataAlignment=DMA_PDATAALIGN_HALFWORD
Dma.TIM8_CH2.3.PeriphInc=DMA_PINC_DISABLE
Dma.TIM8_CH2.3.Priority=DMA_PRIORITY_HIGH
Dma.TIM8_CH2.3.RequestParameters=Instance,Direction,PeriphInc,MemInc,PeriphDataAlignment,MemDataAlignment,Mode,Priority,FIFOMode
Dma.TIM8_CH3.4.Direction=DMA_PERIPH_TO_MEMORY
Dma.TIM8_CH3.4.FIFOMode=DMA_FIFOMODE_DISABLE
Dma.TIM8_CH3.4.Instance=DMA2_Stream4
Dma.TIM8_CH3.4.MemDataAlignment=DMA_MDATAALIGN_HALFWORD
Dma.TIM8_CH3.4.MemInc=DMA_MINC_ENABLE
Dma.TIM8_CH3.4.Mode=DMA_CIRCULAR
Dma.TIM8_CH3.4.PeriphDataAlignment=DMA_PDATAALIGN_HALFWORD
Dma.TIM8_CH3.4.PeriphInc=DMA_PINC_DISABLE
Dma.TIM8_CH3.4.Priority=DMA_PRIORITY_HIGH
Dma.TIM8_CH3.4.RequestParameters=Instance,Direction,PeriphInc,MemInc,PeriphDataAlignment,MemDataAlignment,Mode,Priority,FIFOMode
Dma.TIM8_CH4/TRIG/COM.5.Direction=DMA_PERIPH_TO_MEMORY
Dma.TIM8_CH4/TRIG/COM.5.FIFOMode=DMA_FIFOMODE_DISABLE
Dma.TIM8_CH4/TRIG/COM.5.Instance=DMA2_Stream7
Dma.TIM8_CH4/TRIG/COM.5.MemDataAlignment=DMA_MDATAALIGN_HALFWORD
Dma.TIM8_CH4/TRIG/COM.5.MemInc=DMA_MINC_ENABLE
Dma.TIM8_CH4/TRIG/COM.5.Mode=DMA_CIRCULAR
Dma.TIM8_CH4/TRIG/COM.5.PeriphDataAlignment=DMA_PDATAALIGN_HALFWORD
Dma.TIM8_CH4/TRIG/COM.5.PeriphInc=DMA_PINC_DISABLE
Dma.TIM8_CH4/TRIG/COM.5.Priority=DMA_PRIORITY_HIGH
Dma.TIM8_CH4/TRIG/COM.5.RequestParameters=Instance,Direction,PeriphInc,MemInc,PeriphDataAlignment,MemDataAlignment,Mode,Priority,FIFOMode
File.Version=6
GPIO.groupedBy=Group By Peripherals
KeepUserPlacement=false
Mcu.CPN=STM32F767ZIT6
Mcu.Family=STM32F7
Mcu.IP0=ADC1
Mcu.IP1=ADC3
Mcu.IP10=TIM5
Mcu.IP11=TIM8
Mcu.IP12=TIM11
Mcu.IP13=USART3
Mcu.IP2=CORTEX_M7
Mcu.IP3=DMA
Mcu.IP4=NVIC
Mcu.IP5=RCC
Mcu.IP6=SYS
Mcu.IP7=TIM1
Mcu.IP8=TIM2
Mcu.IP9=TIM3
Mcu.IPNb=14
Mcu.Name=STM32F767ZITx
Mcu.Package=LQFP144
Mcu.Pin0=PC13
Mcu.Pin1=PC14/OSC32_IN
Mcu.Pin10=PA1
Mcu.Pin11=PA2
Mcu.Pin12=PA3
Mcu.Pin13=PA4
Mcu.Pin14=PA6
Mcu.Pin15=PA7
Mcu.Pin16=PC4
Mcu.Pin17=PC5
Mcu.Pin18=PB0
Mcu.Pin19=PB1
Mcu.Pin2=PC15/OSC32_OUT
Mcu.Pin20=PE8
Mcu.Pin21=PE9
Mcu.Pin22=PE10
Mcu.Pin23=PE11
Mcu.Pin24=PE13
Mcu.Pin25=PB13
Mcu.Pin26=PB14
Mcu.Pin27=PD8
Mcu.Pin28=PD9
Mcu.Pin29=PG6
Mcu.Pin3=PF0
Mcu.Pin30=PG7
Mcu.Pin31=PC6
Mcu.Pin32=PC8
Mcu.Pin33=PC9
Mcu.Pin34=PA8
Mcu.Pin35=PA9
Mcu.Pin36=PA10
Mcu.Pin37=PA11
Mcu.Pin38=PA12
Mcu.Pin39=PA13
Mcu.Pin4=PF7
Mcu.Pin40=PA14
Mcu.Pin41=PG11
Mcu.Pin42=PG13
Mcu.Pin43=PB3
Mcu.Pin44=PB7
Mcu.Pin45=VP_SYS_VS_Systick
Mcu.Pin46=VP_TIM1_VS_ClockSourceINT
Mcu.Pin47=VP_TIM2_VS_ClockSourceINT
Mcu.Pin48=VP_TIM3_VS_ClockSourceINT
Mcu.Pin49=VP_TIM5_VS_ClockSourceINT
Mcu.Pin5=PF8
Mcu.Pin50=VP_TIM8_VS_ControllerModeReset
Mcu.Pin51=VP_TIM8_VS_ClockSourceINT
Mcu.Pin52=VP_TIM8_VS_indirect_ch1
Mcu.Pin53=VP_TIM11_VS_ClockSourceINT
Mcu.Pin6=PH0/OSC_IN
Mcu.Pin7=PH1/OSC_OUT
Mcu.Pin8=PC1
Mcu.Pin9=PA0/WKUP
Mcu.PinsNb=54
Mcu.ThirdPartyNb=0
Mcu.UserConstants=
Mcu.UserName=STM32F767ZITx
MxCube.Version=6.14.1
MxDb.Version=DB.6.0.141
NVIC.BusFault_IRQn=true\:4\:0\:true\:false\:true\:true\:false\:false
NVIC.DMA2_Stream0_IRQn=true\:6\:0\:true\:false\:true\:false\:true\:true
NVIC.DMA2_Stream1_IRQn=true\:6\:0\:false\:false\:true\:false\:true\:true
NVIC.DMA2_Stream2_IRQn=true\:6\:0\:true\:false\:true\:false\:true\:true
NVIC.DMA2_Stream3_IRQn=true\:6\:0\:true\:false\:true\:false\:true\:true
NVIC.DMA2_Stream4_IRQn=true\:6\:0\:true\:false\:true\:false\:true\:true
NVIC.DMA2_Stream7_IRQn=true\:6\:0\:true\:false\:true\:false\:true\:true
NVIC.DebugMonitor_IRQn=true\:4\:0\:true\:false\:true\:true\:false\:false
NVIC.EXTI15_10_IRQn=true\:15\:0\:true\:false\:true\:true\:true\:true
NVIC.ForceEnableDMAVector=true
NVIC.HardFault_IRQn=true\:0\:0\:false\:false\:true\:true\:false\:false
NVIC.MemoryManagement_IRQn=true\:4\:0\:true\:false\:true\:true\:false\:false
NVIC.NonMaskableInt_IRQn=true\:0\:0\:false\:false\:true\:true\:false\:false
NVIC.PendSV_IRQn=true\:4\:0\:true\:false\:true\:true\:false\:false
NVIC.PriorityGroup=NVIC_PRIORITYGROUP_4
NVIC.SVCall_IRQn=true\:4\:0\:true\:false\:true\:true\:false\:false
NVIC.SysTick_IRQn=true\:0\:0\:true\:false\:true\:true\:true\:false
NVIC.TIM1_CC_IRQn=true\:0\:0\:true\:false\:true\:true\:true\:true
NVIC.TIM1_TRG_COM_TIM11_IRQn=true\:0\:0\:false\:false\:true\:true\:true\:true
NVIC.TIM2_IRQn=true\:1\:0\:true\:false\:true\:true\:true\:true
NVIC.TIM5_IRQn=true\:15\:0\:true\:false\:true\:true\:true\:true
NVIC.UsageFault_IRQn=true\:4\:0\:true\:false\:true\:true\:false\:false
PA0/WKUP.Signal=ADCx_IN0
PA1.GPIOParameters=GPIO_Label
PA1.GPIO_Label=RMII_REF_CLK [LAN8742A-CZ-TR_REFCLK0]
PA1.Locked=true
PA1.Signal=ETH_REF_CLK
PA10.GPIOParameters=GPIO_Label
PA10.GPIO_Label=USB_ID
PA10.Locked=true
PA10.Signal=USB_OTG_FS_ID
PA11.GPIOParameters=GPIO_Label
PA11.GPIO_Label=USB_DM
PA11.Locked=true
PA11.Signal=USB_OTG_FS_DM
PA12.GPIOParameters=GPIO_Label
PA12.GPIO_Label=USB_DP
PA12.Locked=true
PA12.Signal=USB_OTG_FS_DP
PA13.GPIOParameters=GPIO_Label
PA13.GPIO_Label=TMS
PA13.Locked=true
PA13.Mode=Serial_Wire
PA13.Signal=SYS_JTMS-SWDIO
PA14.GPIOParameters=GPIO_Label
PA14.GPIO_Label=TCK
PA14.Locked=true
PA14.Mode=Serial_Wire
PA14.Signal=SYS_JTCK-SWCLK
PA2.GPIOParameters=GPIO_Label
PA2.GPIO_Label=RMII_MDIO [LAN8742A-CZ-TR_MDIO]
PA2.Locked=true
PA2.Signal=ETH_MDIO
PA3.GPIOParameters=GPIO_Label
PA3.GPIO_Label=VDC
PA3.Signal=ADCx_IN3
PA4.Signal=ADCx_IN4
PA6.Signal=S_TIM3_CH1
PA7.GPIOParameters=GPIO_Label
PA7.GPIO_Label=RMII_CRS_DV [LAN8742A-CZ-TR_CRS_DV]
PA7.Locked=true
PA7.Signal=ETH_CRS_DV
PA8.GPIOParameters=GPIO_Label
PA8.GPIO_Label=USB_SOF [TP1]
PA8.Locked=true
PA8.Signal=USB_OTG_FS_SOF
PA9.GPIOParameters=GPIO_Label
PA9.GPIO_Label=USB_VBUS
PA9.Locked=true
PA9.Signal=USB_OTG_FS_VBUS
PB0.GPIOParameters=GPIO_Label
PB0.GPIO_Label=LD1 [Green]
PB0.Locked=true
PB0.Signal=GPIO_Output
PB1.GPIOParameters=GPIO_Speed,GPIO_PuPd,GPIO_Label
PB1.GPIO_Label=DW_L3
PB1.GPIO_PuPd=GPIO_PULLDOWN
PB1.GPIO_Speed=GPIO_SPEED_FREQ_HIGH
PB1.Mode=PWM Generation3 CH3 CH3N
PB1.Signal=TIM1_CH3N
PB13.GPIOParameters=GPIO_Label
PB13.GPIO_Label=RMII_TXD1 [LAN8742A-CZ-TR_TXD1]
PB13.Locked=true
PB13.Signal=ETH_TXD1
PB14.GPIOParameters=GPIO_Label
PB14.GPIO_Label=LD3 [Red]
PB14.Locked=true
PB14.Signal=GPIO_Output
PB3.GPIOParameters=GPIO_Label
PB3.GPIO_Label=SWO
PB3.Locked=true
PB3.Signal=SYS_JTDO-SWO
PB7.GPIOParameters=GPIO_Label
PB7.GPIO_Label=LD2 [Blue]
PB7.Locked=true
PB7.Signal=GPIO_Output
PC1.GPIOParameters=GPIO_Label
PC1.GPIO_Label=RMII_MDC [LAN8742A-CZ-TR_MDC]
PC1.Locked=true
PC1.Signal=ETH_MDC
PC13.GPIOParameters=GPIO_Label
PC13.GPIO_Label=USER_Btn [B1]
PC13.Locked=true
PC13.Signal=GPXTI13
PC14/OSC32_IN.Locked=true
PC14/OSC32_IN.Mode=LSE-External-Oscillator
PC14/OSC32_IN.Signal=RCC_OSC32_IN
PC15/OSC32_OUT.Locked=true
PC15/OSC32_OUT.Mode=LSE-External-Oscillator
PC15/OSC32_OUT.Signal=RCC_OSC32_OUT
PC4.GPIOParameters=GPIO_Label
PC4.GPIO_Label=RMII_RXD0 [LAN8742A-CZ-TR_RXD0]
PC4.Locked=true
PC4.Signal=ETH_RXD0
PC5.GPIOParameters=GPIO_Label
PC5.GPIO_Label=RMII_RXD1 [LAN8742A-CZ-TR_RXD1]
PC5.Locked=true
PC5.Signal=ETH_RXD1
PC6.GPIOParameters=GPIO_Speed
PC6.GPIO_Speed=GPIO_SPEED_FREQ_VERY_HIGH
PC6.Signal=S_TIM8_CH1
PC8.GPIOParameters=GPIO_Speed
PC8.GPIO_Speed=GPIO_SPEED_FREQ_VERY_HIGH
PC8.Signal=S_TIM8_CH3
PC9.GPIOParameters=GPIO_Speed
PC9.GPIO_Speed=GPIO_SPEED_FREQ_VERY_HIGH
PC9.Signal=S_TIM8_CH4
PD8.GPIOParameters=GPIO_Label
PD8.GPIO_Label=STLK_RX [STM32F103CBT6_PA3]
PD8.Locked=true
PD8.Mode=Asynchronous
PD8.Signal=USART3_TX
PD9.GPIOParameters=GPIO_Label
PD9.GPIO_Label=STLK_TX [STM32F103CBT6_PA2]
PD9.Locked=true
PD9.Mode=Asynchronous
PD9.Signal=USART3_RX
PE10.GPIOParameters=GPIO_ModeDefaultPP,GPIO_Speed,GPIO_PuPd,GPIO_Label
PE10.GPIO_Label=DW_L2
PE10.GPIO_ModeDefaultPP=GPIO_MODE_AF_PP
PE10.GPIO_PuPd=GPIO_PULLDOWN
PE10.GPIO_Speed=GPIO_SPEED_FREQ_HIGH
PE10.Mode=PWM Generation2 CH2 CH2N
PE10.Signal=TIM1_CH2N
PE11.GPIOParameters=GPIO_ModeDefaultPP,GPIO_Speed,GPIO_PuPd,GPIO_Label
PE11.GPIO_Label=UP_L2
PE11.GPIO_ModeDefaultPP=GPIO_MODE_AF_PP
PE11.GPIO_PuPd=GPIO_PULLDOWN
PE11.GPIO_Speed=GPIO_SPEED_FREQ_HIGH
PE11.Signal=S_TIM1_CH2
PE13.GPIOParameters=GPIO_ModeDefaultPP,GPIO_Speed,GPIO_PuPd,GPIO_Label
PE13.GPIO_Label=UP_L3
PE13.GPIO_ModeDefaultPP=GPIO_MODE_AF_PP
PE13.GPIO_PuPd=GPIO_PULLDOWN
PE13.GPIO_Speed=GPIO_SPEED_FREQ_HIGH
PE13.Signal=S_TIM1_CH3
PE8.GPIOParameters=GPIO_ModeDefaultPP,GPIO_Speed,GPIO_PuPd,GPIO_Label
PE8.GPIO_Label=DW_L1
PE8.GPIO_ModeDefaultPP=GPIO_MODE_AF_PP
PE8.GPIO_PuPd=GPIO_PULLDOWN
PE8.GPIO_Speed=GPIO_SPEED_FREQ_HIGH
PE8.Mode=PWM Generation1 CH1 CH1N
PE8.Signal=TIM1_CH1N
PE9.GPIOParameters=GPIO_ModeDefaultPP,GPIO_Speed,GPIO_PuPd,GPIO_Label
PE9.GPIO_Label=UP_L1
PE9.GPIO_ModeDefaultPP=GPIO_MODE_AF_PP
PE9.GPIO_PuPd=GPIO_PULLDOWN
PE9.GPIO_Speed=GPIO_SPEED_FREQ_HIGH
PE9.Signal=S_TIM1_CH1
PF0.GPIOParameters=GPIO_Speed,PinState,GPIO_Label
PF0.GPIO_Label=CAL
PF0.GPIO_Speed=GPIO_SPEED_FREQ_VERY_HIGH
PF0.Locked=true
PF0.PinState=GPIO_PIN_RESET
PF0.Signal=GPIO_Output
PF7.Mode=IN5
PF7.Signal=ADC3_IN5
PF8.Mode=IN6
PF8.Signal=ADC3_IN6
PG11.GPIOParameters=GPIO_Label
PG11.GPIO_Label=RMII_TX_EN [LAN8742A-CZ-TR_TXEN]
PG11.Locked=true
PG11.Signal=ETH_TX_EN
PG13.GPIOParameters=GPIO_Label
PG13.GPIO_Label=RMII_TXD0 [LAN8742A-CZ-TR_TXD0]
PG13.Locked=true
PG13.Signal=ETH_TXD0
PG6.GPIOParameters=GPIO_Label
PG6.GPIO_Label=USB_PowerSwitchOn [STMPS2151STR_EN]
PG6.Locked=true
PG6.Signal=GPIO_Output
PG7.GPIOParameters=GPIO_Label
PG7.GPIO_Label=USB_OverCurrent [STMPS2151STR_FAULT]
PG7.Locked=true
PG7.Signal=GPIO_Input
PH0/OSC_IN.GPIOParameters=GPIO_Label
PH0/OSC_IN.GPIO_Label=MCO [STM32F103CBT6_PA8]
PH0/OSC_IN.Locked=true
PH0/OSC_IN.Mode=HSE-External-Clock-Source
PH0/OSC_IN.Signal=RCC_OSC_IN
PH1/OSC_OUT.Locked=true
PH1/OSC_OUT.Mode=HSE-External-Clock-Source
PH1/OSC_OUT.Signal=RCC_OSC_OUT
PinOutPanel.RotationAngle=0
ProjectManager.AskForMigrate=true
ProjectManager.BackupPrevious=false
ProjectManager.CompilerLinker=GCC
ProjectManager.CompilerOptimize=6
ProjectManager.ComputerToolchain=false
ProjectManager.CoupleFile=false
ProjectManager.CustomerFirmwarePackage=
ProjectManager.DefaultFWLocation=true
ProjectManager.DeletePrevious=true
ProjectManager.DeviceId=STM32F767ZITx
ProjectManager.FirmwarePackage=STM32Cube FW_F7 V1.17.3
ProjectManager.FreePins=false
ProjectManager.HalAssertFull=false
ProjectManager.HeapSize=0x200
ProjectManager.KeepUserCode=true
ProjectManager.LastFirmware=true
ProjectManager.LibraryCopy=0
ProjectManager.MainLocation=Core/Src
ProjectManager.NoMain=false
ProjectManager.PreviousToolchain=
ProjectManager.ProjectBuild=false
ProjectManager.ProjectFileName=pfc3van.ioc
ProjectManager.ProjectName=pfc3van
ProjectManager.ProjectStructure=
ProjectManager.RegisterCallBack=
ProjectManager.StackSize=0x400
ProjectManager.TargetToolchain=CMake
ProjectManager.ToolChainLocation=
ProjectManager.UAScriptAfterPath=
ProjectManager.UAScriptBeforePath=
ProjectManager.UnderRoot=false
ProjectManager.functionlistsort=1-SystemClock_Config-RCC-false-LL-false,2-MX_GPIO_Init-GPIO-false-LL-true,3-MX_DMA_Init-DMA-false-LL-true,4-MX_ADC3_Init-ADC3-false-LL-true,5-MX_USART3_UART_Init-USART3-false-LL-true,6-MX_ADC1_Init-ADC1-false-LL-true,7-MX_TIM1_Init-TIM1-false-LL-true,8-MX_TIM3_Init-TIM3-false-LL-true,9-MX_TIM2_Init-TIM2-false-LL-true,10-MX_TIM11_Init-TIM11-false-LL-true,11-MX_TIM8_Init-TIM8-false-LL-true,12-MX_TIM5_Init-TIM5-false-LL-true,0-MX_CORTEX_M7_Init-CORTEX_M7-false-LL-true
RCC.48MHZClocksFreq_Value=24000000
RCC.ADC12outputFreq_Value=72000000
RCC.ADC34outputFreq_Value=72000000
RCC.AHBFreq_Value=192000000
RCC.APB1CLKDivider=RCC_HCLK_DIV4
RCC.APB1Freq_Value=48000000
RCC.APB1TimFreq_Value=96000000
RCC.APB2CLKDivider=RCC_HCLK_DIV2
RCC.APB2Freq_Value=96000000
RCC.APB2TimFreq_Value=192000000
RCC.CECFreq_Value=32786.88524590164
RCC.CortexFreq_Value=192000000
RCC.DFSDMAudioFreq_Value=192000000
RCC.DFSDMFreq_Value=96000000
RCC.EthernetFreq_Value=192000000
RCC.FCLKCortexFreq_Value=192000000
RCC.FamilyName=M
RCC.HCLKFreq_Value=192000000
RCC.HSE_VALUE=32000000
RCC.HSI_VALUE=16000000
RCC.I2C1Freq_Value=48000000
RCC.I2C2Freq_Value=48000000
RCC.I2C3Freq_Value=48000000
RCC.I2C4Freq_Value=48000000
RCC.I2SClocksFreq_Value=48000000
RCC.I2SFreq_Value=192000000
RCC.IPParameters=48MHZClocksFreq_Value,ADC12outputFreq_Value,ADC34outputFreq_Value,AHBFreq_Value,APB1CLKDivider,APB1Freq_Value,APB1TimFreq_Value,APB2CLKDivider,APB2Freq_Value,APB2TimFreq_Value,CECFreq_Value,CortexFreq_Value,DFSDMAudioFreq_Value,DFSDMFreq_Value,EthernetFreq_Value,FCLKCortexFreq_Value,FamilyName,HCLKFreq_Value,HSE_VALUE,HSI_VALUE,I2C1Freq_Value,I2C2Freq_Value,I2C3Freq_Value,I2C4Freq_Value,I2SClocksFreq_Value,I2SFreq_Value,LCDTFTFreq_Value,LCDTFToutputFreq_Value,LPTIM1Freq_Value,LSI_VALUE,MCO1PinFreq_Value,MCO2PinFreq_Value,MCOFreq_Value,PLLCLKFreq_Value,PLLI2SPCLKFreq_Value,PLLI2SQCLKFreq_Value,PLLI2SRCLKFreq_Value,PLLI2SRoutputFreq_Value,PLLMCOFreq_Value,PLLMUL,PLLQ,PLLQCLKFreq_Value,PLLQoutputFreq_Value,PLLRFreq_Value,PLLSAIPCLKFreq_Value,PLLSAIQCLKFreq_Value,PLLSAIRCLKFreq_Value,PLLSAIoutputFreq_Value,PLLSourceVirtual,PRESCALERUSB,RNGFreq_Value,RTCFreq_Value,RTCHSEDivFreq_Value,SAI1Freq_Value,SAI2Freq_Value,SDMMC2Freq_Value,SDMMCFreq_Value,SPDIFRXFreq_Value,SYSCLKFreq_VALUE,SYSCLKSource,SYSCLKSourceVirtual,TIM15Freq_Value,TIM16Freq_Value,TIM17Freq_Value,TIM1Freq_Value,TIM20Freq_Value,TIM2Freq_Value,TIM3Freq_Value,TIM8Freq_Value,UART4Freq_Value,UART5Freq_Value,UART7Freq_Value,UART8Freq_Value,USART1Freq_Value,USART2Freq_Value,USART3Freq_Value,USART6Freq_Value,USBFreq_Value,VCOI2SOutputFreq_Value,VCOInputFreq_Value,VCOOutput2Freq_Value,VCOOutputFreq_Value,VCOSAIOutputFreq_Value,VcooutputI2S,WatchDogFreq_Value
RCC.LCDTFTFreq_Value=96000000
RCC.LCDTFToutputFreq_Value=96000000
RCC.LPTIM1Freq_Value=48000000
RCC.LSI_VALUE=32000
RCC.MCO1PinFreq_Value=16000000
RCC.MCO2PinFreq_Value=192000000
RCC.MCOFreq_Value=72000000
RCC.PLLCLKFreq_Value=192000000
RCC.PLLI2SPCLKFreq_Value=192000000
RCC.PLLI2SQCLKFreq_Value=192000000
RCC.PLLI2SRCLKFreq_Value=192000000
RCC.PLLI2SRoutputFreq_Value=192000000
RCC.PLLMCOFreq_Value=72000000
RCC.PLLMUL=RCC_PLL_MUL9
RCC.PLLQ=4
RCC.PLLQCLKFreq_Value=96000000
RCC.PLLQoutputFreq_Value=96000000
RCC.PLLRFreq_Value=192000000
RCC.PLLSAIPCLKFreq_Value=192000000
RCC.PLLSAIQCLKFreq_Value=192000000
RCC.PLLSAIRCLKFreq_Value=192000000
RCC.PLLSAIoutputFreq_Value=192000000
RCC.PLLSourceVirtual=RCC_PLLSOURCE_HSE
RCC.PRESCALERUSB=RCC_USBCLKSOURCE_PLL_DIV1_5
RCC.RNGFreq_Value=96000000
RCC.RTCFreq_Value=32000
RCC.RTCHSEDivFreq_Value=4000000
RCC.SAI1Freq_Value=192000000
RCC.SAI2Freq_Value=192000000
RCC.SDMMC2Freq_Value=192000000
RCC.SDMMCFreq_Value=192000000
RCC.SPDIFRXFreq_Value=192000000
RCC.SYSCLKFreq_VALUE=192000000
RCC.SYSCLKSource=RCC_SYSCLKSOURCE_PLLCLK
RCC.SYSCLKSourceVirtual=RCC_SYSCLKSOURCE_PLLCLK
RCC.TIM15Freq_Value=72000000
RCC.TIM16Freq_Value=72000000
RCC.TIM17Freq_Value=72000000
RCC.TIM1Freq_Value=72000000
RCC.TIM20Freq_Value=72000000
RCC.TIM2Freq_Value=72000000
RCC.TIM3Freq_Value=72000000
RCC.TIM8Freq_Value=72000000
RCC.UART4Freq_Value=48000000
RCC.UART5Freq_Value=48000000
RCC.UART7Freq_Value=48000000
RCC.UART8Freq_Value=48000000
RCC.USART1Freq_Value=96000000
RCC.USART2Freq_Value=48000000
RCC.USART3Freq_Value=48000000
RCC.USART6Freq_Value=96000000
RCC.USBFreq_Value=96000000
RCC.VCOI2SOutputFreq_Value=384000000
RCC.VCOInputFreq_Value=2000000
RCC.VCOOutput2Freq_Value=8000000
RCC.VCOOutputFreq_Value=384000000
RCC.VCOSAIOutputFreq_Value=384000000
RCC.VcooutputI2S=48000000
RCC.WatchDogFreq_Value=32000
SH.ADCx_IN0.0=ADC3_IN0,IN0
SH.ADCx_IN0.ConfNb=1
SH.ADCx_IN3.0=ADC1_IN3,IN3
SH.ADCx_IN3.ConfNb=1
SH.ADCx_IN4.0=ADC1_IN4,IN4
SH.ADCx_IN4.ConfNb=1
SH.GPXTI13.0=GPIO_EXTI13
SH.GPXTI13.ConfNb=1
SH.S_TIM1_CH1.0=TIM1_CH1,PWM Generation1 CH1 CH1N
SH.S_TIM1_CH1.ConfNb=1
SH.S_TIM1_CH2.0=TIM1_CH2,PWM Generation2 CH2 CH2N
SH.S_TIM1_CH2.ConfNb=1
SH.S_TIM1_CH3.0=TIM1_CH3,PWM Generation3 CH3 CH3N
SH.S_TIM1_CH3.ConfNb=1
SH.S_TIM3_CH1.0=TIM3_CH1,Forced Output1 CH1
SH.S_TIM3_CH1.ConfNb=1
SH.S_TIM8_CH1.0=TIM8_CH1,Input_Capture1_from_TI1
SH.S_TIM8_CH1.1=TIM8_CH1,TriggerSource_TI1FP1
SH.S_TIM8_CH1.ConfNb=2
SH.S_TIM8_CH3.0=TIM8_CH3,Input_Capture3_from_TI3
SH.S_TIM8_CH3.ConfNb=1
SH.S_TIM8_CH4.0=TIM8_CH4,Input_Capture4_from_TI4
SH.S_TIM8_CH4.ConfNb=1
TIM1.AutoReloadPreload=TIM_AUTORELOAD_PRELOAD_ENABLE
TIM1.AutomaticOutput=TIM_AUTOMATICOUTPUT_DISABLE
TIM1.Break2State=TIM_BREAK2_ENABLE
TIM1.BreakState=TIM_BREAK_DISABLE
TIM1.Channel-PWM\ Generation1\ CH1\ CH1N=TIM_CHANNEL_1
TIM1.Channel-PWM\ Generation2\ CH2\ CH2N=TIM_CHANNEL_2
TIM1.Channel-PWM\ Generation3\ CH3\ CH3N=TIM_CHANNEL_3
TIM1.CounterMode=TIM_COUNTERMODE_CENTERALIGNED1
TIM1.DeadTime=19
TIM1.IPParameters=Channel-PWM Generation1 CH1 CH1N,Period,Pulse-PWM Generation1 CH1 CH1N,OCMode_PWM-PWM Generation1 CH1 CH1N,AutoReloadPreload,BreakState,Break2State,DeadTime,CounterMode,OCFastMode_PWM-PWM Generation1 CH1 CH1N,OCNPolarity_1,Channel-PWM Generation2 CH2 CH2N,OCMode_PWM-PWM Generation2 CH2 CH2N,Pulse-PWM Generation2 CH2 CH2N,TIM_MasterSlaveMode,TIM_MasterOutputTrigger,TIM_MasterOutputTrigger2,OCIdleState_1,OCPolarity_1,OCNIdleState_1,OCNPolarity_2,OCNIdleState_2,Channel-PWM Generation3 CH3 CH3N,Pulse-PWM Generation3 CH3 CH3N,RepetitionCounter,OffStateIDLEMode,OffStateRunMode,AutomaticOutput,OCMode_PWM-PWM Generation3 CH3 CH3N
TIM1.OCFastMode_PWM-PWM\ Generation1\ CH1\ CH1N=TIM_OCFAST_DISABLE
TIM1.OCIdleState_1=TIM_OCIDLESTATE_RESET
TIM1.OCMode_PWM-PWM\ Generation1\ CH1\ CH1N=TIM_OCMODE_PWM2
TIM1.OCMode_PWM-PWM\ Generation2\ CH2\ CH2N=TIM_OCMODE_PWM2
TIM1.OCMode_PWM-PWM\ Generation3\ CH3\ CH3N=TIM_OCMODE_PWM2
TIM1.OCNIdleState_1=TIM_OCNIDLESTATE_RESET
TIM1.OCNIdleState_2=TIM_OCNIDLESTATE_RESET
TIM1.OCNPolarity_1=TIM_OCNPOLARITY_HIGH
TIM1.OCNPolarity_2=TIM_OCNPOLARITY_HIGH
TIM1.OCPolarity_1=TIM_OCPOLARITY_HIGH
TIM1.OffStateIDLEMode=TIM_OSSI_ENABLE
TIM1.OffStateRunMode=TIM_OSSR_ENABLE
TIM1.Period=364
TIM1.Pulse-PWM\ Generation1\ CH1\ CH1N=300
TIM1.Pulse-PWM\ Generation2\ CH2\ CH2N=600
TIM1.Pulse-PWM\ Generation3\ CH3\ CH3N=200
TIM1.RepetitionCounter=0
TIM1.TIM_MasterOutputTrigger=TIM_TRGO_UPDATE
TIM1.TIM_MasterOutputTrigger2=TIM_TRGO2_RESET
TIM1.TIM_MasterSlaveMode=TIM_MASTERSLAVEMODE_DISABLE
TIM11.IPParameters=Period
TIM11.Period=65535
TIM2.IPParameters=Period
TIM2.Period=3000
TIM3.Channel-Forced\ Output1\ CH1=TIM_CHANNEL_1
TIM3.IPParameters=Channel-Forced Output1 CH1,TIM_MasterSlaveMode,TIM_MasterOutputTrigger
TIM3.TIM_MasterOutputTrigger=TIM_TRGO_ENABLE
TIM3.TIM_MasterSlaveMode=TIM_MASTERSLAVEMODE_ENABLE
TIM5.IPParameters=Period
TIM5.Period=4294967295
TIM8.Channel-Input_Capture1_from_TI1=TIM_CHANNEL_1
TIM8.Channel-Input_Capture2_from_TI1_63=TIM_CHANNEL_2
TIM8.Channel-Input_Capture3_from_TI3=TIM_CHANNEL_3
TIM8.Channel-Input_Capture4_from_TI4=TIM_CHANNEL_4
TIM8.ICFilter_CH1=10
TIM8.ICFilter_CH3=10
TIM8.ICFilter_CH4=10
TIM8.ICPolarity_CH1=TIM_INPUTCHANNELPOLARITY_RISING
TIM8.ICPolarity_CH2=TIM_INPUTCHANNELPOLARITY_FALLING
TIM8.ICPolarity_CH3=TIM_INPUTCHANNELPOLARITY_FALLING
TIM8.ICPolarity_CH4=TIM_INPUTCHANNELPOLARITY_FALLING
TIM8.IPParameters=Channel-Input_Capture3_from_TI3,Channel-Input_Capture1_from_TI1,Channel-Input_Capture2_from_TI1_63,Channel-Input_Capture4_from_TI4,ICPolarity_CH1,ICFilter_CH1,ICFilter_CH3,ICFilter_CH4,ICPolarity_CH2,ICPolarity_CH3,ICPolarity_CH4
USART3.IPParameters=VirtualMode-Asynchronous
USART3.VirtualMode-Asynchronous=VM_ASYNC
VP_SYS_VS_Systick.Mode=SysTick
VP_SYS_VS_Systick.Signal=SYS_VS_Systick
VP_TIM11_VS_ClockSourceINT.Mode=Enable_Timer
VP_TIM11_VS_ClockSourceINT.Signal=TIM11_VS_ClockSourceINT
VP_TIM1_VS_ClockSourceINT.Mode=Internal
VP_TIM1_VS_ClockSourceINT.Signal=TIM1_VS_ClockSourceINT
VP_TIM2_VS_ClockSourceINT.Mode=Internal
VP_TIM2_VS_ClockSourceINT.Signal=TIM2_VS_ClockSourceINT
VP_TIM3_VS_ClockSourceINT.Mode=Internal
VP_TIM3_VS_ClockSourceINT.Signal=TIM3_VS_ClockSourceINT
VP_TIM5_VS_ClockSourceINT.Mode=Internal
VP_TIM5_VS_ClockSourceINT.Signal=TIM5_VS_ClockSourceINT
VP_TIM8_VS_ClockSourceINT.Mode=Internal
VP_TIM8_VS_ClockSourceINT.Signal=TIM8_VS_ClockSourceINT
VP_TIM8_VS_ControllerModeReset.Mode=Reset Mode
VP_TIM8_VS_ControllerModeReset.Signal=TIM8_VS_ControllerModeReset
VP_TIM8_VS_indirect_ch1.Mode=Input_Capture2_from_TI1_63
VP_TIM8_VS_indirect_ch1.Signal=TIM8_VS_indirect_ch1
board=NUCLEO-F767ZI
boardIOC=true
